// !$*UTF8*$!
{
	archiveVersion = 1;
	classes = {
	};
	objectVersion = 50;
	objects = {

/* Begin PBXBuildFile section */
		3FAA72142849025000C78735 /* PlaceView.swift in Sources */ = {isa = PBXBuildFile; fileRef = 3FAA72132849025000C78735 /* PlaceView.swift */; };
		3FAA7216284902A400C78735 /* CreatePlaceView.swift in Sources */ = {isa = PBXBuildFile; fileRef = 3FAA7215284902A400C78735 /* CreatePlaceView.swift */; };
		3FAA721828490BBF00C78735 /* PlaceMapView.swift in Sources */ = {isa = PBXBuildFile; fileRef = 3FAA721728490BBF00C78735 /* PlaceMapView.swift */; };
		3FDA39B8284900F8003B8298 /* AppDelegate.swift in Sources */ = {isa = PBXBuildFile; fileRef = 3FDA39B7284900F8003B8298 /* AppDelegate.swift */; };
		3FDA39BA284900F8003B8298 /* SceneDelegate.swift in Sources */ = {isa = PBXBuildFile; fileRef = 3FDA39B9284900F8003B8298 /* SceneDelegate.swift */; };
		3FDA39BF284900F8003B8298 /* ContentView.swift in Sources */ = {isa = PBXBuildFile; fileRef = 3FDA39BE284900F8003B8298 /* ContentView.swift */; };
		3FDA39C1284900FA003B8298 /* Assets.xcassets in Resources */ = {isa = PBXBuildFile; fileRef = 3FDA39C0284900FA003B8298 /* Assets.xcassets */; };
		3FDA39C4284900FA003B8298 /* Preview Assets.xcassets in Resources */ = {isa = PBXBuildFile; fileRef = 3FDA39C3284900FA003B8298 /* Preview Assets.xcassets */; };
		3FDA39C7284900FA003B8298 /* LaunchScreen.storyboard in Resources */ = {isa = PBXBuildFile; fileRef = 3FDA39C5284900FA003B8298 /* LaunchScreen.storyboard */; };
		3FDA39CF284901C1003B8298 /* PlacesView.swift in Sources */ = {isa = PBXBuildFile; fileRef = 3FDA39CE284901C1003B8298 /* PlacesView.swift */; };
		DAB677632851E58800712A0E /* MapKit.framework in Frameworks */ = {isa = PBXBuildFile; fileRef = DAB677622851E58800712A0E /* MapKit.framework */; };
		DAB677652851F08B00712A0E /* Classes.swift in Sources */ = {isa = PBXBuildFile; fileRef = DAB677642851F08B00712A0E /* Classes.swift */; };
		DAB677682852042700712A0E /* Projekt-IOS-DB.xcdatamodeld in Sources */ = {isa = PBXBuildFile; fileRef = DAB677662852042700712A0E /* Projekt-IOS-DB.xcdatamodeld */; };
/* End PBXBuildFile section */

/* Begin PBXFileReference section */
		3FAA72132849025000C78735 /* PlaceView.swift */ = {isa = PBXFileReference; lastKnownFileType = sourcecode.swift; path = PlaceView.swift; sourceTree = "<group>"; };
		3FAA7215284902A400C78735 /* CreatePlaceView.swift */ = {isa = PBXFileReference; lastKnownFileType = sourcecode.swift; path = CreatePlaceView.swift; sourceTree = "<group>"; };
		3FAA721728490BBF00C78735 /* PlaceMapView.swift */ = {isa = PBXFileReference; lastKnownFileType = sourcecode.swift; path = PlaceMapView.swift; sourceTree = "<group>"; };
		3FDA39B4284900F8003B8298 /* Projekt-IOS.app */ = {isa = PBXFileReference; explicitFileType = wrapper.application; includeInIndex = 0; path = "Projekt-IOS.app"; sourceTree = BUILT_PRODUCTS_DIR; };
		3FDA39B7284900F8003B8298 /* AppDelegate.swift */ = {isa = PBXFileReference; lastKnownFileType = sourcecode.swift; path = AppDelegate.swift; sourceTree = "<group>"; };
		3FDA39B9284900F8003B8298 /* SceneDelegate.swift */ = {isa = PBXFileReference; lastKnownFileType = sourcecode.swift; path = SceneDelegate.swift; sourceTree = "<group>"; };
		3FDA39BE284900F8003B8298 /* ContentView.swift */ = {isa = PBXFileReference; lastKnownFileType = sourcecode.swift; path = ContentView.swift; sourceTree = "<group>"; };
		3FDA39C0284900FA003B8298 /* Assets.xcassets */ = {isa = PBXFileReference; lastKnownFileType = folder.assetcatalog; path = Assets.xcassets; sourceTree = "<group>"; };
		3FDA39C3284900FA003B8298 /* Preview Assets.xcassets */ = {isa = PBXFileReference; lastKnownFileType = folder.assetcatalog; path = "Preview Assets.xcassets"; sourceTree = "<group>"; };
		3FDA39C6284900FA003B8298 /* Base */ = {isa = PBXFileReference; lastKnownFileType = file.storyboard; name = Base; path = Base.lproj/LaunchScreen.storyboard; sourceTree = "<group>"; };
		3FDA39C8284900FA003B8298 /* Info.plist */ = {isa = PBXFileReference; lastKnownFileType = text.plist.xml; path = Info.plist; sourceTree = "<group>"; };
		3FDA39CE284901C1003B8298 /* PlacesView.swift */ = {isa = PBXFileReference; lastKnownFileType = sourcecode.swift; path = PlacesView.swift; sourceTree = "<group>"; };
		DAB677622851E58800712A0E /* MapKit.framework */ = {isa = PBXFileReference; lastKnownFileType = wrapper.framework; name = MapKit.framework; path = System/Library/Frameworks/MapKit.framework; sourceTree = SDKROOT; };
		DAB677642851F08B00712A0E /* Classes.swift */ = {isa = PBXFileReference; lastKnownFileType = sourcecode.swift; path = Classes.swift; sourceTree = "<group>"; };
		DAB677672852042700712A0E /* Projekt-IOS-DB.xcdatamodel */ = {isa = PBXFileReference; lastKnownFileType = wrapper.xcdatamodel; path = "Projekt-IOS-DB.xcdatamodel"; sourceTree = "<group>"; };
/* End PBXFileReference section */

/* Begin PBXFrameworksBuildPhase section */
		3FDA39B1284900F8003B8298 /* Frameworks */ = {
			isa = PBXFrameworksBuildPhase;
			buildActionMask = 2147483647;
			files = (
				DAB677632851E58800712A0E /* MapKit.framework in Frameworks */,
			);
			runOnlyForDeploymentPostprocessing = 0;
		};
/* End PBXFrameworksBuildPhase section */

/* Begin PBXGroup section */
		3FDA39AB284900F8003B8298 = {
			isa = PBXGroup;
			children = (
				3FDA39B6284900F8003B8298 /* Projekt-IOS */,
				3FDA39B5284900F8003B8298 /* Products */,
				DAB677612851E58800712A0E /* Frameworks */,
			);
			sourceTree = "<group>";
		};
		3FDA39B5284900F8003B8298 /* Products */ = {
			isa = PBXGroup;
			children = (
				3FDA39B4284900F8003B8298 /* Projekt-IOS.app */,
			);
			name = Products;
			sourceTree = "<group>";
		};
		3FDA39B6284900F8003B8298 /* Projekt-IOS */ = {
			isa = PBXGroup;
			children = (
				DAB677642851F08B00712A0E /* Classes.swift */,
				3FDA39B7284900F8003B8298 /* AppDelegate.swift */,
				3FDA39B9284900F8003B8298 /* SceneDelegate.swift */,
				3FDA39BE284900F8003B8298 /* ContentView.swift */,
				3FAA7215284902A400C78735 /* CreatePlaceView.swift */,
				3FDA39CE284901C1003B8298 /* PlacesView.swift */,
				3FAA72132849025000C78735 /* PlaceView.swift */,
				3FAA721728490BBF00C78735 /* PlaceMapView.swift */,
				3FDA39C0284900FA003B8298 /* Assets.xcassets */,
				3FDA39C5284900FA003B8298 /* LaunchScreen.storyboard */,
				3FDA39C8284900FA003B8298 /* Info.plist */,
				3FDA39C2284900FA003B8298 /* Preview Content */,
				DAB677662852042700712A0E /* Projekt-IOS-DB.xcdatamodeld */,
			);
			path = "Projekt-IOS";
			sourceTree = "<group>";
		};
		3FDA39C2284900FA003B8298 /* Preview Content */ = {
			isa = PBXGroup;
			children = (
				3FDA39C3284900FA003B8298 /* Preview Assets.xcassets */,
			);
			path = "Preview Content";
			sourceTree = "<group>";
		};
		DAB677612851E58800712A0E /* Frameworks */ = {
			isa = PBXGroup;
			children = (
				DAB677622851E58800712A0E /* MapKit.framework */,
			);
			name = Frameworks;
			sourceTree = "<group>";
		};
/* End PBXGroup section */

/* Begin PBXNativeTarget section */
		3FDA39B3284900F8003B8298 /* Projekt-IOS */ = {
			isa = PBXNativeTarget;
			buildConfigurationList = 3FDA39CB284900FA003B8298 /* Build configuration list for PBXNativeTarget "Projekt-IOS" */;
			buildPhases = (
				3FDA39B0284900F8003B8298 /* Sources */,
				3FDA39B1284900F8003B8298 /* Frameworks */,
				3FDA39B2284900F8003B8298 /* Resources */,
			);
			buildRules = (
			);
			dependencies = (
			);
			name = "Projekt-IOS";
			productName = jl_2022_06_02_projekt;
			productReference = 3FDA39B4284900F8003B8298 /* Projekt-IOS.app */;
			productType = "com.apple.product-type.application";
		};
/* End PBXNativeTarget section */

/* Begin PBXProject section */
		3FDA39AC284900F8003B8298 /* Project object */ = {
			isa = PBXProject;
			attributes = {
				LastSwiftUpdateCheck = 1130;
				LastUpgradeCheck = 1130;
				ORGANIZATIONNAME = PL;
				TargetAttributes = {
					3FDA39B3284900F8003B8298 = {
						CreatedOnToolsVersion = 11.3.1;
					};
				};
			};
			buildConfigurationList = 3FDA39AF284900F8003B8298 /* Build configuration list for PBXProject "Projekt-IOS" */;
			compatibilityVersion = "Xcode 9.3";
			developmentRegion = en;
			hasScannedForEncodings = 0;
			knownRegions = (
				en,
				Base,
			);
			mainGroup = 3FDA39AB284900F8003B8298;
			productRefGroup = 3FDA39B5284900F8003B8298 /* Products */;
			projectDirPath = "";
			projectRoot = "";
			targets = (
				3FDA39B3284900F8003B8298 /* Projekt-IOS */,
			);
		};
/* End PBXProject section */

/* Begin PBXResourcesBuildPhase section */
		3FDA39B2284900F8003B8298 /* Resources */ = {
			isa = PBXResourcesBuildPhase;
			buildActionMask = 2147483647;
			files = (
				3FDA39C7284900FA003B8298 /* LaunchScreen.storyboard in Resources */,
				3FDA39C4284900FA003B8298 /* Preview Assets.xcassets in Resources */,
				3FDA39C1284900FA003B8298 /* Assets.xcassets in Resources */,
			);
			runOnlyForDeploymentPostprocessing = 0;
		};
/* End PBXResourcesBuildPhase section */

/* Begin PBXSourcesBuildPhase section */
		3FDA39B0284900F8003B8298 /* Sources */ = {
			isa = PBXSourcesBuildPhase;
			buildActionMask = 2147483647;
			files = (
				3FAA7216284902A400C78735 /* CreatePlaceView.swift in Sources */,
				3FAA72142849025000C78735 /* PlaceView.swift in Sources */,
				3FDA39B8284900F8003B8298 /* AppDelegate.swift in Sources */,
				DAB677682852042700712A0E /* Projekt-IOS-DB.xcdatamodeld in Sources */,
				3FAA721828490BBF00C78735 /* PlaceMapView.swift in Sources */,
				3FDA39CF284901C1003B8298 /* PlacesView.swift in Sources */,
				3FDA39BF284900F8003B8298 /* ContentView.swift in Sources */,
				3FDA39BA284900F8003B8298 /* SceneDelegate.swift in Sources */,
				DAB677652851F08B00712A0E /* Classes.swift in Sources */,
			);
			runOnlyForDeploymentPostprocessing = 0;
		};
/* End PBXSourcesBuildPhase section */

/* Begin PBXVariantGroup section */
		3FDA39C5284900FA003B8298 /* LaunchScreen.storyboard */ = {
			isa = PBXVariantGroup;
			children = (
				3FDA39C6284900FA003B8298 /* Base */,
			);
			name = LaunchScreen.storyboard;
			sourceTree = "<group>";
		};
/* End PBXVariantGroup section */

/* Begin XCBuildConfiguration section */
		3FDA39C9284900FA003B8298 /* Debug */ = {
			isa = XCBuildConfiguration;
			buildSettings = {
				ALWAYS_SEARCH_USER_PATHS = NO;
				CLANG_ANALYZER_NONNULL = YES;
				CLANG_ANALYZER_NUMBER_OBJECT_CONVERSION = YES_AGGRESSIVE;
				CLANG_CXX_LANGUAGE_STANDARD = "gnu++14";
				CLANG_CXX_LIBRARY = "libc++";
				CLANG_ENABLE_MODULES = YES;
				CLANG_ENABLE_OBJC_ARC = YES;
				CLANG_ENABLE_OBJC_WEAK = YES;
				CLANG_WARN_BLOCK_CAPTURE_AUTORELEASING = YES;
				CLANG_WARN_BOOL_CONVERSION = YES;
				CLANG_WARN_COMMA = YES;
				CLANG_WARN_CONSTANT_CONVERSION = YES;
				CLANG_WARN_DEPRECATED_OBJC_IMPLEMENTATIONS = YES;
				CLANG_WARN_DIRECT_OBJC_ISA_USAGE = YES_ERROR;
				CLANG_WARN_DOCUMENTATION_COMMENTS = YES;
				CLANG_WARN_EMPTY_BODY = YES;
				CLANG_WARN_ENUM_CONVERSION = YES;
				CLANG_WARN_INFINITE_RECURSION = YES;
				CLANG_WARN_INT_CONVERSION = YES;
				CLANG_WARN_NON_LITERAL_NULL_CONVERSION = YES;
				CLANG_WARN_OBJC_IMPLICIT_RETAIN_SELF = YES;
				CLANG_WARN_OBJC_LITERAL_CONVERSION = YES;
				CLANG_WARN_OBJC_ROOT_CLASS = YES_ERROR;
				CLANG_WARN_RANGE_LOOP_ANALYSIS = YES;
				CLANG_WARN_STRICT_PROTOTYPES = YES;
				CLANG_WARN_SUSPICIOUS_MOVE = YES;
				CLANG_WARN_UNGUARDED_AVAILABILITY = YES_AGGRESSIVE;
				CLANG_WARN_UNREACHABLE_CODE = YES;
				CLANG_WARN__DUPLICATE_METHOD_MATCH = YES;
				COPY_PHASE_STRIP = NO;
				DEBUG_INFORMATION_FORMAT = dwarf;
				ENABLE_STRICT_OBJC_MSGSEND = YES;
				ENABLE_TESTABILITY = YES;
				GCC_C_LANGUAGE_STANDARD = gnu11;
				GCC_DYNAMIC_NO_PIC = NO;
				GCC_NO_COMMON_BLOCKS = YES;
				GCC_OPTIMIZATION_LEVEL = 0;
				GCC_PREPROCESSOR_DEFINITIONS = (
					"DEBUG=1",
					"$(inherited)",
				);
				GCC_WARN_64_TO_32_BIT_CONVERSION = YES;
				GCC_WARN_ABOUT_RETURN_TYPE = YES_ERROR;
				GCC_WARN_UNDECLARED_SELECTOR = YES;
				GCC_WARN_UNINITIALIZED_AUTOS = YES_AGGRESSIVE;
				GCC_WARN_UNUSED_FUNCTION = YES;
				GCC_WARN_UNUSED_VARIABLE = YES;
				IPHONEOS_DEPLOYMENT_TARGET = 13.2;
				MTL_ENABLE_DEBUG_INFO = INCLUDE_SOURCE;
				MTL_FAST_MATH = YES;
				ONLY_ACTIVE_ARCH = YES;
				SDKROOT = iphoneos;
				SWIFT_ACTIVE_COMPILATION_CONDITIONS = DEBUG;
				SWIFT_OPTIMIZATION_LEVEL = "-Onone";
			};
			name = Debug;
		};
		3FDA39CA284900FA003B8298 /* Release */ = {
			isa = XCBuildConfiguration;
			buildSettings = {
				ALWAYS_SEARCH_USER_PATHS = NO;
				CLANG_ANALYZER_NONNULL = YES;
				CLANG_ANALYZER_NUMBER_OBJECT_CONVERSION = YES_AGGRESSIVE;
				CLANG_CXX_LANGUAGE_STANDARD = "gnu++14";
				CLANG_CXX_LIBRARY = "libc++";
				CLANG_ENABLE_MODULES = YES;
				CLANG_ENABLE_OBJC_ARC = YES;
				CLANG_ENABLE_OBJC_WEAK = YES;
				CLANG_WARN_BLOCK_CAPTURE_AUTORELEASING = YES;
				CLANG_WARN_BOOL_CONVERSION = YES;
				CLANG_WARN_COMMA = YES;
				CLANG_WARN_CONSTANT_CONVERSION = YES;
				CLANG_WARN_DEPRECATED_OBJC_IMPLEMENTATIONS = YES;
				CLANG_WARN_DIRECT_OBJC_ISA_USAGE = YES_ERROR;
				CLANG_WARN_DOCUMENTATION_COMMENTS = YES;
				CLANG_WARN_EMPTY_BODY = YES;
				CLANG_WARN_ENUM_CONVERSION = YES;
				CLANG_WARN_INFINITE_RECURSION = YES;
				CLANG_WARN_INT_CONVERSION = YES;
				CLANG_WARN_NON_LITERAL_NULL_CONVERSION = YES;
				CLANG_WARN_OBJC_IMPLICIT_RETAIN_SELF = YES;
				CLANG_WARN_OBJC_LITERAL_CONVERSION = YES;
				CLANG_WARN_OBJC_ROOT_CLASS = YES_ERROR;
				CLANG_WARN_RANGE_LOOP_ANALYSIS = YES;
				CLANG_WARN_STRICT_PROTOTYPES = YES;
				CLANG_WARN_SUSPICIOUS_MOVE = YES;
				CLANG_WARN_UNGUARDED_AVAILABILITY = YES_AGGRESSIVE;
				CLANG_WARN_UNREACHABLE_CODE = YES;
				CLANG_WARN__DUPLICATE_METHOD_MATCH = YES;
				COPY_PHASE_STRIP = NO;
				DEBUG_INFORMATION_FORMAT = "dwarf-with-dsym";
				ENABLE_NS_ASSERTIONS = NO;
				ENABLE_STRICT_OBJC_MSGSEND = YES;
				GCC_C_LANGUAGE_STANDARD = gnu11;
				GCC_NO_COMMON_BLOCKS = YES;
				GCC_WARN_64_TO_32_BIT_CONVERSION = YES;
				GCC_WARN_ABOUT_RETURN_TYPE = YES_ERROR;
				GCC_WARN_UNDECLARED_SELECTOR = YES;
				GCC_WARN_UNINITIALIZED_AUTOS = YES_AGGRESSIVE;
				GCC_WARN_UNUSED_FUNCTION = YES;
				GCC_WARN_UNUSED_VARIABLE = YES;
				IPHONEOS_DEPLOYMENT_TARGET = 13.2;
				MTL_ENABLE_DEBUG_INFO = NO;
				MTL_FAST_MATH = YES;
				SDKROOT = iphoneos;
				SWIFT_COMPILATION_MODE = wholemodule;
				SWIFT_OPTIMIZATION_LEVEL = "-O";
				VALIDATE_PRODUCT = YES;
			};
			name = Release;
		};
		3FDA39CC284900FA003B8298 /* Debug */ = {
			isa = XCBuildConfiguration;
			buildSettings = {
				ASSETCATALOG_COMPILER_APPICON_NAME = AppIcon;
				CODE_SIGN_STYLE = Automatic;
				DEVELOPMENT_ASSET_PATHS = "\"Projekt-IOS/Preview Content\"";
				ENABLE_PREVIEWS = YES;
				INFOPLIST_FILE = "Projekt-IOS/Info.plist";
				LD_RUNPATH_SEARCH_PATHS = (
					"$(inherited)",
					"@executable_path/Frameworks",
				);
				PRODUCT_BUNDLE_IDENTIFIER = "PL.Projekt-IOS";
				PRODUCT_NAME = "$(TARGET_NAME)";
				SWIFT_VERSION = 5.0;
				TARGETED_DEVICE_FAMILY = "1,2";
			};
			name = Debug;
		};
		3FDA39CD284900FA003B8298 /* Release */ = {
			isa = XCBuildConfiguration;
			buildSettings = {
				ASSETCATALOG_COMPILER_APPICON_NAME = AppIcon;
				CODE_SIGN_STYLE = Automatic;
				DEVELOPMENT_ASSET_PATHS = "\"Projekt-IOS/Preview Content\"";
				ENABLE_PREVIEWS = YES;
				INFOPLIST_FILE = "Projekt-IOS/Info.plist";
				LD_RUNPATH_SEARCH_PATHS = (
					"$(inherited)",
					"@executable_path/Frameworks",
				);
				PRODUCT_BUNDLE_IDENTIFIER = "PL.Projekt-IOS";
				PRODUCT_NAME = "$(TARGET_NAME)";
				SWIFT_VERSION = 5.0;
				TARGETED_DEVICE_FAMILY = "1,2";
			};
			name = Release;
		};
/* End XCBuildConfiguration section */

/* Begin XCConfigurationList section */
		3FDA39AF284900F8003B8298 /* Build configuration list for PBXProject "Projekt-IOS" */ = {
			isa = XCConfigurationList;
			buildConfigurations = (
				3FDA39C9284900FA003B8298 /* Debug */,
				3FDA39CA284900FA003B8298 /* Release */,
			);
			defaultConfigurationIsVisible = 0;
			defaultConfigurationName = Release;
		};
		3FDA39CB284900FA003B8298 /* Build configuration list for PBXNativeTarget "Projekt-IOS" */ = {
			isa = XCConfigurationList;
			buildConfigurations = (
				3FDA39CC284900FA003B8298 /* Debug */,
				3FDA39CD284900FA003B8298 /* Release */,
			);
			defaultConfigurationIsVisible = 0;
			defaultConfigurationName = Release;
		};
/* End XCConfigurationList section */

/* Begin XCVersionGroup section */
		DAB677662852042700712A0E /* Projekt-IOS-DB.xcdatamodeld */ = {
			isa = XCVersionGroup;
			children = (
				DAB677672852042700712A0E /* Projekt-IOS-DB.xcdatamodel */,
			);
			currentVersion = DAB677672852042700712A0E /* Projekt-IOS-DB.xcdatamodel */;
			path = "Projekt-IOS-DB.xcdatamodeld";
			sourceTree = "<group>";
			usesTabs = 0;
			versionGroupType = wrapper.xcdatamodel;
		};
/* End XCVersionGroup section */
	};
	rootObject = 3FDA39AC284900F8003B8298 /* Project object */;
}
